
Microsoft Visual Studio Solution File, Format Version 12.00
# Visual Studio Version 17
VisualStudioVersion = 17.5.002.0
MinimumVisualStudioVersion = 10.0.40219.1
Project("{9A19103F-16F7-4668-BE54-9A1E7A4F7556}") = "SchoolApp.MVC", "SchoolApp.MVC.csproj", "{C661B349-A20A-461E-84C3-8E172669A14F}"
EndProject
Global
	GlobalSection(SolutionConfigurationPlatforms) = preSolution
		Debug|Any CPU = Debug|Any CPU
		Release|Any CPU = Release|Any CPU
	EndGlobalSection
	GlobalSection(ProjectConfigurationPlatforms) = postSolution
		{C661B349-A20A-461E-84C3-8E172669A14F}.Debug|Any CPU.ActiveCfg = Debug|Any CPU
		{C661B349-A20A-461E-84C3-8E172669A14F}.Debug|Any CPU.Build.0 = Debug|Any CPU
		{C661B349-A20A-461E-84C3-8E172669A14F}.Release|Any CPU.ActiveCfg = Release|Any CPU
		{C661B349-A20A-461E-84C3-8E172669A14F}.Release|Any CPU.Build.0 = Release|Any CPU
	EndGlobalSection
	GlobalSection(SolutionProperties) = preSolution
		HideSolutionNode = FALSE
	EndGlobalSection
	GlobalSection(ExtensibilityGlobals) = postSolution
		SolutionGuid = {7C5BAADE-50A9-4326-9693-2CEEA052A0FE}
	EndGlobalSection
EndGlobal
